
Microsoft Visual Studio Solution File, Format Version 11.00
# Visual Studio 2010
Project("{FAE04EC0-301F-11D3-BF4B-00C04F79EFBC}") = "2D CGD", "Assembly-CSharp.csproj", "{620A2F69-EB17-946A-0C87-1A6E5B16BF37}"
EndProject
Global
	GlobalSection(SolutionConfigurationPlatforms) = preSolution
		Debug|Any CPU = Debug|Any CPU
		Release|Any CPU = Release|Any CPU
	EndGlobalSection
	GlobalSection(ProjectConfigurationPlatforms) = postSolution
		{620A2F69-EB17-946A-0C87-1A6E5B16BF37}.Debug|Any CPU.ActiveCfg = Debug|Any CPU
		{620A2F69-EB17-946A-0C87-1A6E5B16BF37}.Debug|Any CPU.Build.0 = Debug|Any CPU
		{620A2F69-EB17-946A-0C87-1A6E5B16BF37}.Release|Any CPU.ActiveCfg = Release|Any CPU
		{620A2F69-EB17-946A-0C87-1A6E5B16BF37}.Release|Any CPU.Build.0 = Release|Any CPU
	EndGlobalSection
	GlobalSection(SolutionProperties) = preSolution
		HideSolutionNode = FALSE
	EndGlobalSection
	GlobalSection(MonoDevelopProperties) = preSolution
		StartupItem = Assembly-CSharp.csproj
	EndGlobalSection
EndGlobal
